PODS:
  - Alamofire (5.2.2)
  - BaiduMapKit (5.4.0)
  - Bugly (2.5.71)
  - CalendarKit (1.0.11)
  - CVCalendar (1.7.0)
  - DifferenceKit (1.2.0):
    - DifferenceKit/Core (= 1.2.0)
    - DifferenceKit/UIKitExtension (= 1.2.0)
  - DifferenceKit/Core (1.2.0)
  - DifferenceKit/UIKitExtension (1.2.0):
    - DifferenceKit/Core
  - Differentiator (4.0.1)
  - DNSPageView (2.1.0)
  - HandyJSON (5.0.2)
  - HorizonCalendar (1.8.7)
  - JTAppleCalendar (8.0.3)
  - Kingfisher (5.15.0):
    - Kingfisher/Core (= 5.15.0)
  - Kingfisher/Core (5.15.0)
  - Moya (14.0.0):
    - Moya/Core (= 14.0.0)
  - Moya/Core (14.0.0):
    - Alamofire (~> 5.0)
  - ObjectMapper (4.2.0)
  - PullToRefresher (3.3)
  - R.swift (5.2.2):
    - R.swift.Library (~> 5.2.0)
  - R.swift.Library (5.2.0)
  - Realm (10.10.0):
    - Realm/Headers (= 10.10.0)
  - Realm/Headers (10.10.0)
  - RealmSwift (10.10.0):
    - Realm (= 10.10.0)
  - RxCocoa (5.1.1):
    - RxRelay (~> 5)
    - RxSwift (~> 5)
  - RxDataSources (4.0.1):
    - Differentiator (~> 4.0)
    - RxCocoa (~> 5.0)
    - RxSwift (~> 5.0)
  - RxRelay (5.1.1):
    - RxSwift (~> 5)
  - RxSwift (5.1.1)
  - Shimmer (1.0.2)
  - SnapKit (5.0.1)
  - SQLite.swift (0.12.2):
    - SQLite.swift/standard (= 0.12.2)
  - SQLite.swift/standard (0.12.2)
  - SwiftyJSON (5.0.0)
  - WebViewJavascriptBridge (6.0.3)

DEPENDENCIES:
  - Alamofire (~> 5.2.2)
  - BaiduMapKit (~> 5.4.0)
  - Bugly
  - CalendarKit (~> 1.0.11)
  - CVCalendar (~> 1.7.0)
  - DifferenceKit
  - DNSPageView
  - HandyJSON (~> 5.0.2)
  - HorizonCalendar (~> 1.8.7)
  - JTAppleCalendar (~> 8.0.3)
  - Kingfisher (~> 5.15.0)
  - Moya (~> 14.0.0)
  - ObjectMapper (~> 4.2.0)
  - PullToRefresher (~> 3.3)
  - R.swift (~> 5.2.2)
  - RealmSwift (~> 10.10.0)
  - RxCocoa (~> 5.1.1)
  - RxDataSources (~> 4.0.1)
  - RxSwift (~> 5.1.1)
  - Shimmer
  - SnapKit (~> 5.0.1)
  - SQLite.swift (~> 0.12.2)
  - SwiftyJSON (~> 5.0.0)
  - WebViewJavascriptBridge

SPEC REPOS:
  https://github.com/CocoaPods/Specs.git:
    - Alamofire
    - BaiduMapKit
    - Bugly
    - CalendarKit
    - CVCalendar
    - DifferenceKit
    - Differentiator
    - DNSPageView
    - HandyJSON
    - HorizonCalendar
    - JTAppleCalendar
    - Kingfisher
    - Moya
    - ObjectMapper
    - PullToRefresher
    - R.swift
    - R.swift.Library
    - Realm
    - RealmSwift
    - RxCocoa
    - RxDataSources
    - RxRelay
    - RxSwift
    - Shimmer
    - SnapKit
    - SQLite.swift
    - SwiftyJSON
    - WebViewJavascriptBridge

SPEC CHECKSUMS:
  Alamofire: 814429acc853c6c54ff123fc3d2ef66803823ce0
  BaiduMapKit: 40a4382633859bd569d40da9f9a2e98a277dd28b
  Bugly: fd066c75c4a0eca1440f9b6a84bd37d51bfc85ac
  CalendarKit: fe7803ed4f9f329f0152cb78efb0dd0cb9b54618
  CVCalendar: 1174c1b43c1a258970e14c1e8b19ef4106c5900b
  DifferenceKit: 5659c430bb7fe45876fa32ce5cba5d6167f0c805
  Differentiator: 886080237d9f87f322641dedbc5be257061b0602
  DNSPageView: 4d77a61f49a5668ec330fb7bd620d81354371ea7
  HandyJSON: 9e4e236f5d2dbefad5155a77417bbea438201c03
  HorizonCalendar: 540345eff35497b46a9d6b14968955cc24677642
  JTAppleCalendar: 932cadea40b1051beab10f67843451d48ba16c99
  Kingfisher: 1acb67597a520c2d0310677e66d6e0af455ef757
  Moya: 5b45dacb75adb009f97fde91c204c1e565d31916
  ObjectMapper: 1eb41f610210777375fa806bf161dc39fb832b81
  PullToRefresher: 6fc2ab6494caf949bcf6f0223ffd23f9d21a06f6
  R.swift: 7c52cdc57a66840ffe6cbd8a823d732059d42a32
  R.swift.Library: 5ba4f1631300caf9a4d890186930da85d540769d
  Realm: f501df41a4222c67850c77cf135d472192ecf294
  RealmSwift: c69aadfc7db0d60075178d037c2f34ada73d5201
  RxCocoa: 32065309a38d29b5b0db858819b5bf9ef038b601
  RxDataSources: efee07fa4de48477eca0a4611e6d11e2da9c1114
  RxRelay: d77f7d771495f43c556cbc43eebd1bb54d01e8e9
  RxSwift: 81470a2074fa8780320ea5fe4102807cb7118178
  Shimmer: c5374be1c2b0c9e292fb05b339a513cf291cac86
  SnapKit: 97b92857e3df3a0c71833cce143274bf6ef8e5eb
  SQLite.swift: d2b4642190917051ce6bd1d49aab565fe794eea3
  SwiftyJSON: 36413e04c44ee145039d332b4f4e2d3e8d6c4db7
  WebViewJavascriptBridge: 7f5bc4d3581e672e8f32bd0f812d54bc69bb8e29

PODFILE CHECKSUM: 6c643e80fc614d7711ca7d8df8a7e87ea0bb9490

COCOAPODS: 1.11.2
