// !$*UTF8*$!
{
	archiveVersion = 1;
	classes = {
	};
	objectVersion = 51;
	objects = {

/* Begin PBXBuildFile section */
		050EAF482888FE8A0017E3CC /* DifferenceViewController.swift in Sources */ = {isa = PBXBuildFile; fileRef = 050EAF472888FE8A0017E3CC /* DifferenceViewController.swift */; };
		050EAF4A2888FEB90017E3CC /* DifferenceListModel.swift in Sources */ = {isa = PBXBuildFile; fileRef = 050EAF492888FEB90017E3CC /* DifferenceListModel.swift */; };
		050EAF4C288900BD0017E3CC /* DifferenceListCell.swift in Sources */ = {isa = PBXBuildFile; fileRef = 050EAF4B288900BD0017E3CC /* DifferenceListCell.swift */; };
		050EAF4E288900F00017E3CC /* Reusable+Extension.swift in Sources */ = {isa = PBXBuildFile; fileRef = 050EAF4D288900F00017E3CC /* Reusable+Extension.swift */; };
		050EAF50288942990017E3CC /* DifferenceListCell2.swift in Sources */ = {isa = PBXBuildFile; fileRef = 050EAF4F288942990017E3CC /* DifferenceListCell2.swift */; };
		050EAF54288942AC0017E3CC /* DifferenceListCell3.swift in Sources */ = {isa = PBXBuildFile; fileRef = 050EAF53288942AC0017E3CC /* DifferenceListCell3.swift */; };
		050EAF5828894CC30017E3CC /* TableListViewController.swift in Sources */ = {isa = PBXBuildFile; fileRef = 050EAF5728894CC30017E3CC /* TableListViewController.swift */; };
		050EAF5A28894CCF0017E3CC /* CollectListViewController.swift in Sources */ = {isa = PBXBuildFile; fileRef = 050EAF5928894CCF0017E3CC /* CollectListViewController.swift */; };
		050EAF5C28894F830017E3CC /* CollectListCell.swift in Sources */ = {isa = PBXBuildFile; fileRef = 050EAF5B28894F830017E3CC /* CollectListCell.swift */; };
		050EAF5E288950300017E3CC /* CollectListModel.swift in Sources */ = {isa = PBXBuildFile; fileRef = 050EAF5D288950300017E3CC /* CollectListModel.swift */; };
		050EAF602889505B0017E3CC /* ListModel.swift in Sources */ = {isa = PBXBuildFile; fileRef = 050EAF5F2889505B0017E3CC /* ListModel.swift */; };
		050EAF62288955B70017E3CC /* SectionsModel.swift in Sources */ = {isa = PBXBuildFile; fileRef = 050EAF61288955B70017E3CC /* SectionsModel.swift */; };
		050EAF642889592E0017E3CC /* CollectListCardCell.swift in Sources */ = {isa = PBXBuildFile; fileRef = 050EAF632889592E0017E3CC /* CollectListCardCell.swift */; };
		050EAF66288964D70017E3CC /* CollectCardModel.swift in Sources */ = {isa = PBXBuildFile; fileRef = 050EAF65288964D70017E3CC /* CollectCardModel.swift */; };
		050EAF68288A86350017E3CC /* CollectListFlowLayout.swift in Sources */ = {isa = PBXBuildFile; fileRef = 050EAF67288A86350017E3CC /* CollectListFlowLayout.swift */; };
		050EAF6B288A869A0017E3CC /* XDLabel.swift in Sources */ = {isa = PBXBuildFile; fileRef = 050EAF6A288A869A0017E3CC /* XDLabel.swift */; };
		050EAF6D288A8AF10017E3CC /* CollectListReduceCell.swift in Sources */ = {isa = PBXBuildFile; fileRef = 050EAF6C288A8AF10017E3CC /* CollectListReduceCell.swift */; };
		050EAF72288A8B540017E3CC /* CollectReduceModel.swift in Sources */ = {isa = PBXBuildFile; fileRef = 050EAF71288A8B540017E3CC /* CollectReduceModel.swift */; };
		050EAF74288A90620017E3CC /* XDCollectionView.swift in Sources */ = {isa = PBXBuildFile; fileRef = 050EAF73288A90620017E3CC /* XDCollectionView.swift */; };
		050EAF77288A9AD40017E3CC /* XDLog.swift in Sources */ = {isa = PBXBuildFile; fileRef = 050EAF76288A9AD40017E3CC /* XDLog.swift */; };
		050EAF7A288AAC8A0017E3CC /* CollectListViewModel.swift in Sources */ = {isa = PBXBuildFile; fileRef = 050EAF79288AAC8A0017E3CC /* CollectListViewModel.swift */; };
		050EAF7C2890E6A00017E3CC /* TableListCell.swift in Sources */ = {isa = PBXBuildFile; fileRef = 050EAF7B2890E6A00017E3CC /* TableListCell.swift */; };
		050EAF7E2890E6AE0017E3CC /* TableListCardCell.swift in Sources */ = {isa = PBXBuildFile; fileRef = 050EAF7D2890E6AE0017E3CC /* TableListCardCell.swift */; };
		050EAF802890E6B90017E3CC /* TableListUserCell.swift in Sources */ = {isa = PBXBuildFile; fileRef = 050EAF7F2890E6B90017E3CC /* TableListUserCell.swift */; };
		050EAF862890E6F10017E3CC /* TableListModel.swift in Sources */ = {isa = PBXBuildFile; fileRef = 050EAF852890E6F10017E3CC /* TableListModel.swift */; };
		050EAF882890E6FC0017E3CC /* TableListCardModel.swift in Sources */ = {isa = PBXBuildFile; fileRef = 050EAF872890E6FC0017E3CC /* TableListCardModel.swift */; };
		050EAF8B2890E70E0017E3CC /* TableListUserModel.swift in Sources */ = {isa = PBXBuildFile; fileRef = 050EAF8A2890E70E0017E3CC /* TableListUserModel.swift */; };
		050EAF8D2890E8DB0017E3CC /* TableListViewModel.swift in Sources */ = {isa = PBXBuildFile; fileRef = 050EAF8C2890E8DB0017E3CC /* TableListViewModel.swift */; };
		050EAF8F28911D580017E3CC /* TableSectionCacheHeight.swift in Sources */ = {isa = PBXBuildFile; fileRef = 050EAF8E28911D580017E3CC /* TableSectionCacheHeight.swift */; };
		059A442326A96AFD00C0112B /* CalendarListVC.swift in Sources */ = {isa = PBXBuildFile; fileRef = 059A442226A96AFD00C0112B /* CalendarListVC.swift */; };
		059A442526AA601C00C0112B /* AirbnbCalendarView.swift in Sources */ = {isa = PBXBuildFile; fileRef = 059A442426AA601C00C0112B /* AirbnbCalendarView.swift */; };
		059A442926AA605200C0112B /* CVShowCalendarView.swift in Sources */ = {isa = PBXBuildFile; fileRef = 059A442826AA605200C0112B /* CVShowCalendarView.swift */; };
		05D68DD326A953C000988043 /* CalendarVC.swift in Sources */ = {isa = PBXBuildFile; fileRef = 05D68DD226A953C000988043 /* CalendarVC.swift */; };
		05D68DD526A953D800988043 /* XDCalendarView.swift in Sources */ = {isa = PBXBuildFile; fileRef = 05D68DD426A953D800988043 /* XDCalendarView.swift */; };
		05D68DD726A963BD00988043 /* DateItemModel.swift in Sources */ = {isa = PBXBuildFile; fileRef = 05D68DD626A963BD00988043 /* DateItemModel.swift */; };
		05D68DDB26A9642B00988043 /* Date+Extension.swift in Sources */ = {isa = PBXBuildFile; fileRef = 05D68DDA26A9642B00988043 /* Date+Extension.swift */; };
		5C00C6D8DA6E9D45E2DD7CA1 /* Pods_Mermaid.framework in Frameworks */ = {isa = PBXBuildFile; fileRef = 4E10A65427842C4B0D4BDBE0 /* Pods_Mermaid.framework */; };
		E67B1DFF250E883700D9E101 /* confuse.sh in Resources */ = {isa = PBXBuildFile; fileRef = E67B1DFC250E883700D9E101 /* confuse.sh */; };
		E67B1E00250E883700D9E101 /* ConfuseIntroduction.md in Resources */ = {isa = PBXBuildFile; fileRef = E67B1DFD250E883700D9E101 /* ConfuseIntroduction.md */; };
		E67B1E01250E883700D9E101 /* func.list in Resources */ = {isa = PBXBuildFile; fileRef = E67B1DFE250E883700D9E101 /* func.list */; };
		E6A72017250B5CC300EB1EB2 /* NFCTool.swift in Sources */ = {isa = PBXBuildFile; fileRef = E6A72016250B5CC300EB1EB2 /* NFCTool.swift */; };
		E6BC31D52504C43500CCE02E /* MermaidTests.swift in Sources */ = {isa = PBXBuildFile; fileRef = E6BC31D42504C43500CCE02E /* MermaidTests.swift */; };
		E6BC31E02504C43500CCE02E /* MermaidUITests.swift in Sources */ = {isa = PBXBuildFile; fileRef = E6BC31DF2504C43500CCE02E /* MermaidUITests.swift */; };
		E6BC31F02504C85C00CCE02E /* SLinkListTool.swift in Sources */ = {isa = PBXBuildFile; fileRef = E6BC31EF2504C85C00CCE02E /* SLinkListTool.swift */; };
		E6BC32352504C86A00CCE02E /* UIButtonExtension.swift in Sources */ = {isa = PBXBuildFile; fileRef = E6BC31F32504C86A00CCE02E /* UIButtonExtension.swift */; };
		E6BC32362504C86A00CCE02E /* UIImageViewExtension.swift in Sources */ = {isa = PBXBuildFile; fileRef = E6BC31F42504C86A00CCE02E /* UIImageViewExtension.swift */; };
		E6BC32372504C86A00CCE02E /* UIViewOrdinate.swift in Sources */ = {isa = PBXBuildFile; fileRef = E6BC31F52504C86A00CCE02E /* UIViewOrdinate.swift */; };
		E6BC32382504C86A00CCE02E /* UITextViewExtension.swift in Sources */ = {isa = PBXBuildFile; fileRef = E6BC31F62504C86A00CCE02E /* UITextViewExtension.swift */; };
		E6BC32392504C86A00CCE02E /* NSObjectExtension.swift in Sources */ = {isa = PBXBuildFile; fileRef = E6BC31F72504C86A00CCE02E /* NSObjectExtension.swift */; };
		E6BC323A2504C86A00CCE02E /* UITextFieldExtension.swift in Sources */ = {isa = PBXBuildFile; fileRef = E6BC31F82504C86A00CCE02E /* UITextFieldExtension.swift */; };
		E6BC323B2504C86A00CCE02E /* UIFontExtension.swift in Sources */ = {isa = PBXBuildFile; fileRef = E6BC31F92504C86A00CCE02E /* UIFontExtension.swift */; };
		E6BC323C2504C86A00CCE02E /* StringExtension.swift in Sources */ = {isa = PBXBuildFile; fileRef = E6BC31FA2504C86A00CCE02E /* StringExtension.swift */; };
		E6BC323D2504C86A00CCE02E /* XDInterface.swift in Sources */ = {isa = PBXBuildFile; fileRef = E6BC31FC2504C86A00CCE02E /* XDInterface.swift */; };
		E6BC323E2504C86A00CCE02E /* XDNetwork.swift in Sources */ = {isa = PBXBuildFile; fileRef = E6BC31FD2504C86A00CCE02E /* XDNetwork.swift */; };
		E6BC323F2504C86A00CCE02E /* MyTool.swift in Sources */ = {isa = PBXBuildFile; fileRef = E6BC31FF2504C86A00CCE02E /* MyTool.swift */; };
		E6BC32402504C86A00CCE02E /* Interface.swift in Sources */ = {isa = PBXBuildFile; fileRef = E6BC32002504C86A00CCE02E /* Interface.swift */; };
		E6BC32412504C86A00CCE02E /* LoadingView.swift in Sources */ = {isa = PBXBuildFile; fileRef = E6BC32012504C86A00CCE02E /* LoadingView.swift */; };
		E6BC32422504C86A00CCE02E /* BannerVC.swift in Sources */ = {isa = PBXBuildFile; fileRef = E6BC32052504C86A00CCE02E /* BannerVC.swift */; };
		E6BC32432504C86A00CCE02E /* HomeVC.swift in Sources */ = {isa = PBXBuildFile; fileRef = E6BC32062504C86A00CCE02E /* HomeVC.swift */; };
		E6BC32442504C86A00CCE02E /* SegmentVC.swift in Sources */ = {isa = PBXBuildFile; fileRef = E6BC32072504C86A00CCE02E /* SegmentVC.swift */; };
		E6BC32452504C86A00CCE02E /* BannerNormalView.swift in Sources */ = {isa = PBXBuildFile; fileRef = E6BC32092504C86A00CCE02E /* BannerNormalView.swift */; };
		E6BC32462504C86A00CCE02E /* BannerNormalCell.swift in Sources */ = {isa = PBXBuildFile; fileRef = E6BC320A2504C86A00CCE02E /* BannerNormalCell.swift */; };
		E6BC32472504C86A00CCE02E /* BannerFocusCell.swift in Sources */ = {isa = PBXBuildFile; fileRef = E6BC320B2504C86A00CCE02E /* BannerFocusCell.swift */; };
		E6BC32482504C86A00CCE02E /* BannerFocusView.swift in Sources */ = {isa = PBXBuildFile; fileRef = E6BC320C2504C86A00CCE02E /* BannerFocusView.swift */; };
		E6BC32492504C86A00CCE02E /* TestVC.swift in Sources */ = {isa = PBXBuildFile; fileRef = E6BC320F2504C86A00CCE02E /* TestVC.swift */; };
		E6BC324A2504C86A00CCE02E /* TestView.swift in Sources */ = {isa = PBXBuildFile; fileRef = E6BC32112504C86A00CCE02E /* TestView.swift */; };
		E6BC324B2504C86A00CCE02E /* TestJsonModelTool.swift in Sources */ = {isa = PBXBuildFile; fileRef = E6BC32142504C86A00CCE02E /* TestJsonModelTool.swift */; };
		E6BC324C2504C86A00CCE02E /* TestOCTool.m in Sources */ = {isa = PBXBuildFile; fileRef = E6BC32152504C86A00CCE02E /* TestOCTool.m */; };
		E6BC324D2504C86A00CCE02E /* TestNetWorkTool.swift in Sources */ = {isa = PBXBuildFile; fileRef = E6BC32162504C86A00CCE02E /* TestNetWorkTool.swift */; };
		E6BC324E2504C86A00CCE02E /* LaunchScreen.storyboard in Resources */ = {isa = PBXBuildFile; fileRef = E6BC32182504C86A00CCE02E /* LaunchScreen.storyboard */; };
		E6BC324F2504C86A00CCE02E /* XDArrayTool.m in Sources */ = {isa = PBXBuildFile; fileRef = E6BC321A2504C86A00CCE02E /* XDArrayTool.m */; };
		E6BC32502504C86A00CCE02E /* XDDownloadImageManager.swift in Sources */ = {isa = PBXBuildFile; fileRef = E6BC321B2504C86A00CCE02E /* XDDownloadImageManager.swift */; };
		E6BC32512504C86A00CCE02E /* MeViewModel.swift in Sources */ = {isa = PBXBuildFile; fileRef = E6BC321F2504C86A00CCE02E /* MeViewModel.swift */; };
		E6BC32522504C86A00CCE02E /* MeVC.swift in Sources */ = {isa = PBXBuildFile; fileRef = E6BC32212504C86A00CCE02E /* MeVC.swift */; };
		E6BC32532504C86A00CCE02E /* MeHeaderView.swift in Sources */ = {isa = PBXBuildFile; fileRef = E6BC32232504C86A00CCE02E /* MeHeaderView.swift */; };
		E6BC32542504C86A00CCE02E /* AppDelegate.swift in Sources */ = {isa = PBXBuildFile; fileRef = E6BC32252504C86A00CCE02E /* AppDelegate.swift */; };
		E6BC32552504C86A00CCE02E /* LoginVC.swift in Sources */ = {isa = PBXBuildFile; fileRef = E6BC32282504C86A00CCE02E /* LoginVC.swift */; };
		E6BC32562504C86A00CCE02E /* BaseVC.swift in Sources */ = {isa = PBXBuildFile; fileRef = E6BC322A2504C86A00CCE02E /* BaseVC.swift */; };
		E6BC32572504C86A00CCE02E /* BaseNavVC.swift in Sources */ = {isa = PBXBuildFile; fileRef = E6BC322B2504C86A00CCE02E /* BaseNavVC.swift */; };
		E6BC32582504C86A00CCE02E /* BaseTabbarVC.swift in Sources */ = {isa = PBXBuildFile; fileRef = E6BC322C2504C86A00CCE02E /* BaseTabbarVC.swift */; };
		E6BC32592504C86A00CCE02E /* Assets.xcassets in Resources */ = {isa = PBXBuildFile; fileRef = E6BC322E2504C86A00CCE02E /* Assets.xcassets */; };
		E6BC325A2504C86A00CCE02E /* TestJsonData.plist in Resources */ = {isa = PBXBuildFile; fileRef = E6BC322F2504C86A00CCE02E /* TestJsonData.plist */; };
		E6BC325B2504C86A00CCE02E /* Note in Resources */ = {isa = PBXBuildFile; fileRef = E6BC32312504C86A00CCE02E /* Note */; };
		E6BC325C2504C86A00CCE02E /* Const.swift in Sources */ = {isa = PBXBuildFile; fileRef = E6BC32322504C86A00CCE02E /* Const.swift */; };
		E6C8FEFD25112F3A00C4B46E /* XDBlackboard.swift in Sources */ = {isa = PBXBuildFile; fileRef = E6C8FEFC25112F3A00C4B46E /* XDBlackboard.swift */; };
/* End PBXBuildFile section */

/* Begin PBXContainerItemProxy section */
		E6BC31D12504C43400CCE02E /* PBXContainerItemProxy */ = {
			isa = PBXContainerItemProxy;
			containerPortal = E6BC31B22504C43300CCE02E /* Project object */;
			proxyType = 1;
			remoteGlobalIDString = E6BC31B92504C43300CCE02E;
			remoteInfo = Mermaid;
		};
		E6BC31DC2504C43500CCE02E /* PBXContainerItemProxy */ = {
			isa = PBXContainerItemProxy;
			containerPortal = E6BC31B22504C43300CCE02E /* Project object */;
			proxyType = 1;
			remoteGlobalIDString = E6BC31B92504C43300CCE02E;
			remoteInfo = Mermaid;
		};
/* End PBXContainerItemProxy section */

/* Begin PBXFileReference section */
		050EAF472888FE8A0017E3CC /* DifferenceViewController.swift */ = {isa = PBXFileReference; lastKnownFileType = sourcecode.swift; path = DifferenceViewController.swift; sourceTree = "<group>"; };
		050EAF492888FEB90017E3CC /* DifferenceListModel.swift */ = {isa = PBXFileReference; lastKnownFileType = sourcecode.swift; path = DifferenceListModel.swift; sourceTree = "<group>"; };
		050EAF4B288900BD0017E3CC /* DifferenceListCell.swift */ = {isa = PBXFileReference; lastKnownFileType = sourcecode.swift; path = DifferenceListCell.swift; sourceTree = "<group>"; };
		050EAF4D288900F00017E3CC /* Reusable+Extension.swift */ = {isa = PBXFileReference; lastKnownFileType = sourcecode.swift; path = "Reusable+Extension.swift"; sourceTree = "<group>"; };
		050EAF4F288942990017E3CC /* DifferenceListCell2.swift */ = {isa = PBXFileReference; lastKnownFileType = sourcecode.swift; path = DifferenceListCell2.swift; sourceTree = "<group>"; };
		050EAF53288942AC0017E3CC /* DifferenceListCell3.swift */ = {isa = PBXFileReference; lastKnownFileType = sourcecode.swift; path = DifferenceListCell3.swift; sourceTree = "<group>"; };
		050EAF5728894CC30017E3CC /* TableListViewController.swift */ = {isa = PBXFileReference; lastKnownFileType = sourcecode.swift; path = TableListViewController.swift; sourceTree = "<group>"; };
		050EAF5928894CCF0017E3CC /* CollectListViewController.swift */ = {isa = PBXFileReference; lastKnownFileType = sourcecode.swift; path = CollectListViewController.swift; sourceTree = "<group>"; };
		050EAF5B28894F830017E3CC /* CollectListCell.swift */ = {isa = PBXFileReference; lastKnownFileType = sourcecode.swift; path = CollectListCell.swift; sourceTree = "<group>"; };
		050EAF5D288950300017E3CC /* CollectListModel.swift */ = {isa = PBXFileReference; lastKnownFileType = sourcecode.swift; path = CollectListModel.swift; sourceTree = "<group>"; };
		050EAF5F2889505B0017E3CC /* ListModel.swift */ = {isa = PBXFileReference; lastKnownFileType = sourcecode.swift; path = ListModel.swift; sourceTree = "<group>"; };
		050EAF61288955B70017E3CC /* SectionsModel.swift */ = {isa = PBXFileReference; lastKnownFileType = sourcecode.swift; path = SectionsModel.swift; sourceTree = "<group>"; };
		050EAF632889592E0017E3CC /* CollectListCardCell.swift */ = {isa = PBXFileReference; lastKnownFileType = sourcecode.swift; path = CollectListCardCell.swift; sourceTree = "<group>"; };
		050EAF65288964D70017E3CC /* CollectCardModel.swift */ = {isa = PBXFileReference; lastKnownFileType = sourcecode.swift; path = CollectCardModel.swift; sourceTree = "<group>"; };
		050EAF67288A86350017E3CC /* CollectListFlowLayout.swift */ = {isa = PBXFileReference; lastKnownFileType = sourcecode.swift; path = CollectListFlowLayout.swift; sourceTree = "<group>"; };
		050EAF6A288A869A0017E3CC /* XDLabel.swift */ = {isa = PBXFileReference; lastKnownFileType = sourcecode.swift; path = XDLabel.swift; sourceTree = "<group>"; };
		050EAF6C288A8AF10017E3CC /* CollectListReduceCell.swift */ = {isa = PBXFileReference; lastKnownFileType = sourcecode.swift; path = CollectListReduceCell.swift; sourceTree = "<group>"; };
		050EAF71288A8B540017E3CC /* CollectReduceModel.swift */ = {isa = PBXFileReference; lastKnownFileType = sourcecode.swift; path = CollectReduceModel.swift; sourceTree = "<group>"; };
		050EAF73288A90620017E3CC /* XDCollectionView.swift */ = {isa = PBXFileReference; lastKnownFileType = sourcecode.swift; path = XDCollectionView.swift; sourceTree = "<group>"; };
		050EAF76288A9AD40017E3CC /* XDLog.swift */ = {isa = PBXFileReference; lastKnownFileType = sourcecode.swift; path = XDLog.swift; sourceTree = "<group>"; };
		050EAF79288AAC8A0017E3CC /* CollectListViewModel.swift */ = {isa = PBXFileReference; lastKnownFileType = sourcecode.swift; path = CollectListViewModel.swift; sourceTree = "<group>"; };
		050EAF7B2890E6A00017E3CC /* TableListCell.swift */ = {isa = PBXFileReference; lastKnownFileType = sourcecode.swift; path = TableListCell.swift; sourceTree = "<group>"; };
		050EAF7D2890E6AE0017E3CC /* TableListCardCell.swift */ = {isa = PBXFileReference; lastKnownFileType = sourcecode.swift; path = TableListCardCell.swift; sourceTree = "<group>"; };
		050EAF7F2890E6B90017E3CC /* TableListUserCell.swift */ = {isa = PBXFileReference; lastKnownFileType = sourcecode.swift; path = TableListUserCell.swift; sourceTree = "<group>"; };
		050EAF852890E6F10017E3CC /* TableListModel.swift */ = {isa = PBXFileReference; lastKnownFileType = sourcecode.swift; path = TableListModel.swift; sourceTree = "<group>"; };
		050EAF872890E6FC0017E3CC /* TableListCardModel.swift */ = {isa = PBXFileReference; lastKnownFileType = sourcecode.swift; path = TableListCardModel.swift; sourceTree = "<group>"; };
		050EAF8A2890E70E0017E3CC /* TableListUserModel.swift */ = {isa = PBXFileReference; lastKnownFileType = sourcecode.swift; path = TableListUserModel.swift; sourceTree = "<group>"; };
		050EAF8C2890E8DB0017E3CC /* TableListViewModel.swift */ = {isa = PBXFileReference; lastKnownFileType = sourcecode.swift; path = TableListViewModel.swift; sourceTree = "<group>"; };
		050EAF8E28911D580017E3CC /* TableSectionCacheHeight.swift */ = {isa = PBXFileReference; lastKnownFileType = sourcecode.swift; path = TableSectionCacheHeight.swift; sourceTree = "<group>"; };
		059A442226A96AFD00C0112B /* CalendarListVC.swift */ = {isa = PBXFileReference; lastKnownFileType = sourcecode.swift; path = CalendarListVC.swift; sourceTree = "<group>"; };
		059A442426AA601C00C0112B /* AirbnbCalendarView.swift */ = {isa = PBXFileReference; lastKnownFileType = sourcecode.swift; path = AirbnbCalendarView.swift; sourceTree = "<group>"; };
		059A442826AA605200C0112B /* CVShowCalendarView.swift */ = {isa = PBXFileReference; lastKnownFileType = sourcecode.swift; path = CVShowCalendarView.swift; sourceTree = "<group>"; };
		05D68DD226A953C000988043 /* CalendarVC.swift */ = {isa = PBXFileReference; lastKnownFileType = sourcecode.swift; path = CalendarVC.swift; sourceTree = "<group>"; };
		05D68DD426A953D800988043 /* XDCalendarView.swift */ = {isa = PBXFileReference; lastKnownFileType = sourcecode.swift; path = XDCalendarView.swift; sourceTree = "<group>"; };
		05D68DD626A963BD00988043 /* DateItemModel.swift */ = {isa = PBXFileReference; lastKnownFileType = sourcecode.swift; path = DateItemModel.swift; sourceTree = "<group>"; };
		05D68DDA26A9642B00988043 /* Date+Extension.swift */ = {isa = PBXFileReference; lastKnownFileType = sourcecode.swift; path = "Date+Extension.swift"; sourceTree = "<group>"; };
		3E48224AD16B4741C86056CF /* Pods-Mermaid.debug.xcconfig */ = {isa = PBXFileReference; includeInIndex = 1; lastKnownFileType = text.xcconfig; name = "Pods-Mermaid.debug.xcconfig"; path = "Target Support Files/Pods-Mermaid/Pods-Mermaid.debug.xcconfig"; sourceTree = "<group>"; };
		48A4AD3E248C978473B2BB0A /* Pods-Mermaid.release.xcconfig */ = {isa = PBXFileReference; includeInIndex = 1; lastKnownFileType = text.xcconfig; name = "Pods-Mermaid.release.xcconfig"; path = "Target Support Files/Pods-Mermaid/Pods-Mermaid.release.xcconfig"; sourceTree = "<group>"; };
		4E10A65427842C4B0D4BDBE0 /* Pods_Mermaid.framework */ = {isa = PBXFileReference; explicitFileType = wrapper.framework; includeInIndex = 0; path = Pods_Mermaid.framework; sourceTree = BUILT_PRODUCTS_DIR; };
		E67B1DFC250E883700D9E101 /* confuse.sh */ = {isa = PBXFileReference; fileEncoding = 4; lastKnownFileType = text.script.sh; path = confuse.sh; sourceTree = "<group>"; };
		E67B1DFD250E883700D9E101 /* ConfuseIntroduction.md */ = {isa = PBXFileReference; fileEncoding = 4; lastKnownFileType = net.daringfireball.markdown; path = ConfuseIntroduction.md; sourceTree = "<group>"; };
		E67B1DFE250E883700D9E101 /* func.list */ = {isa = PBXFileReference; fileEncoding = 4; lastKnownFileType = text; path = func.list; sourceTree = "<group>"; };
		E67B1E02250E8B0100D9E101 /* codeObfuscation.h */ = {isa = PBXFileReference; fileEncoding = 4; lastKnownFileType = sourcecode.c.h; path = codeObfuscation.h; sourceTree = "<group>"; };
		E67B1E04250E8BE200D9E101 /* ConfuseHeader.pch */ = {isa = PBXFileReference; lastKnownFileType = sourcecode.c.h; path = ConfuseHeader.pch; sourceTree = "<group>"; };
		E6A72016250B5CC300EB1EB2 /* NFCTool.swift */ = {isa = PBXFileReference; lastKnownFileType = sourcecode.swift; path = NFCTool.swift; sourceTree = "<group>"; };
		E6BC31BA2504C43400CCE02E /* Mermaid.app */ = {isa = PBXFileReference; explicitFileType = wrapper.application; includeInIndex = 0; path = Mermaid.app; sourceTree = BUILT_PRODUCTS_DIR; };
		E6BC31D02504C43400CCE02E /* MermaidTests.xctest */ = {isa = PBXFileReference; explicitFileType = wrapper.cfbundle; includeInIndex = 0; path = MermaidTests.xctest; sourceTree = BUILT_PRODUCTS_DIR; };
		E6BC31D42504C43500CCE02E /* MermaidTests.swift */ = {isa = PBXFileReference; lastKnownFileType = sourcecode.swift; path = MermaidTests.swift; sourceTree = "<group>"; };
		E6BC31D62504C43500CCE02E /* Info.plist */ = {isa = PBXFileReference; lastKnownFileType = text.plist.xml; path = Info.plist; sourceTree = "<group>"; };
		E6BC31DB2504C43500CCE02E /* MermaidUITests.xctest */ = {isa = PBXFileReference; explicitFileType = wrapper.cfbundle; includeInIndex = 0; path = MermaidUITests.xctest; sourceTree = BUILT_PRODUCTS_DIR; };
		E6BC31DF2504C43500CCE02E /* MermaidUITests.swift */ = {isa = PBXFileReference; lastKnownFileType = sourcecode.swift; path = MermaidUITests.swift; sourceTree = "<group>"; };
		E6BC31E12504C43500CCE02E /* Info.plist */ = {isa = PBXFileReference; lastKnownFileType = text.plist.xml; path = Info.plist; sourceTree = "<group>"; };
		E6BC31EF2504C85C00CCE02E /* SLinkListTool.swift */ = {isa = PBXFileReference; fileEncoding = 4; lastKnownFileType = sourcecode.swift; path = SLinkListTool.swift; sourceTree = "<group>"; };
		E6BC31F32504C86A00CCE02E /* UIButtonExtension.swift */ = {isa = PBXFileReference; fileEncoding = 4; lastKnownFileType = sourcecode.swift; path = UIButtonExtension.swift; sourceTree = "<group>"; };
		E6BC31F42504C86A00CCE02E /* UIImageViewExtension.swift */ = {isa = PBXFileReference; fileEncoding = 4; lastKnownFileType = sourcecode.swift; path = UIImageViewExtension.swift; sourceTree = "<group>"; };
		E6BC31F52504C86A00CCE02E /* UIViewOrdinate.swift */ = {isa = PBXFileReference; fileEncoding = 4; lastKnownFileType = sourcecode.swift; path = UIViewOrdinate.swift; sourceTree = "<group>"; };
		E6BC31F62504C86A00CCE02E /* UITextViewExtension.swift */ = {isa = PBXFileReference; fileEncoding = 4; lastKnownFileType = sourcecode.swift; path = UITextViewExtension.swift; sourceTree = "<group>"; };
		E6BC31F72504C86A00CCE02E /* NSObjectExtension.swift */ = {isa = PBXFileReference; fileEncoding = 4; lastKnownFileType = sourcecode.swift; path = NSObjectExtension.swift; sourceTree = "<group>"; };
		E6BC31F82504C86A00CCE02E /* UITextFieldExtension.swift */ = {isa = PBXFileReference; fileEncoding = 4; lastKnownFileType = sourcecode.swift; path = UITextFieldExtension.swift; sourceTree = "<group>"; };
		E6BC31F92504C86A00CCE02E /* UIFontExtension.swift */ = {isa = PBXFileReference; fileEncoding = 4; lastKnownFileType = sourcecode.swift; path = UIFontExtension.swift; sourceTree = "<group>"; };
		E6BC31FA2504C86A00CCE02E /* StringExtension.swift */ = {isa = PBXFileReference; fileEncoding = 4; lastKnownFileType = sourcecode.swift; path = StringExtension.swift; sourceTree = "<group>"; };
		E6BC31FC2504C86A00CCE02E /* XDInterface.swift */ = {isa = PBXFileReference; fileEncoding = 4; lastKnownFileType = sourcecode.swift; path = XDInterface.swift; sourceTree = "<group>"; };
		E6BC31FD2504C86A00CCE02E /* XDNetwork.swift */ = {isa = PBXFileReference; fileEncoding = 4; lastKnownFileType = sourcecode.swift; path = XDNetwork.swift; sourceTree = "<group>"; };
		E6BC31FF2504C86A00CCE02E /* MyTool.swift */ = {isa = PBXFileReference; fileEncoding = 4; lastKnownFileType = sourcecode.swift; path = MyTool.swift; sourceTree = "<group>"; };
		E6BC32002504C86A00CCE02E /* Interface.swift */ = {isa = PBXFileReference; fileEncoding = 4; lastKnownFileType = sourcecode.swift; path = Interface.swift; sourceTree = "<group>"; };
		E6BC32012504C86A00CCE02E /* LoadingView.swift */ = {isa = PBXFileReference; fileEncoding = 4; lastKnownFileType = sourcecode.swift; path = LoadingView.swift; sourceTree = "<group>"; };
		E6BC32052504C86A00CCE02E /* BannerVC.swift */ = {isa = PBXFileReference; fileEncoding = 4; lastKnownFileType = sourcecode.swift; path = BannerVC.swift; sourceTree = "<group>"; };
		E6BC32062504C86A00CCE02E /* HomeVC.swift */ = {isa = PBXFileReference; fileEncoding = 4; lastKnownFileType = sourcecode.swift; path = HomeVC.swift; sourceTree = "<group>"; };
		E6BC32072504C86A00CCE02E /* SegmentVC.swift */ = {isa = PBXFileReference; fileEncoding = 4; lastKnownFileType = sourcecode.swift; path = SegmentVC.swift; sourceTree = "<group>"; };
		E6BC32092504C86A00CCE02E /* BannerNormalView.swift */ = {isa = PBXFileReference; fileEncoding = 4; lastKnownFileType = sourcecode.swift; path = BannerNormalView.swift; sourceTree = "<group>"; };
		E6BC320A2504C86A00CCE02E /* BannerNormalCell.swift */ = {isa = PBXFileReference; fileEncoding = 4; lastKnownFileType = sourcecode.swift; path = BannerNormalCell.swift; sourceTree = "<group>"; };
		E6BC320B2504C86A00CCE02E /* BannerFocusCell.swift */ = {isa = PBXFileReference; fileEncoding = 4; lastKnownFileType = sourcecode.swift; path = BannerFocusCell.swift; sourceTree = "<group>"; };
		E6BC320C2504C86A00CCE02E /* BannerFocusView.swift */ = {isa = PBXFileReference; fileEncoding = 4; lastKnownFileType = sourcecode.swift; path = BannerFocusView.swift; sourceTree = "<group>"; };
		E6BC320F2504C86A00CCE02E /* TestVC.swift */ = {isa = PBXFileReference; fileEncoding = 4; lastKnownFileType = sourcecode.swift; path = TestVC.swift; sourceTree = "<group>"; };
		E6BC32112504C86A00CCE02E /* TestView.swift */ = {isa = PBXFileReference; fileEncoding = 4; lastKnownFileType = sourcecode.swift; path = TestView.swift; sourceTree = "<group>"; };
		E6BC32132504C86A00CCE02E /* TestOCTool.h */ = {isa = PBXFileReference; fileEncoding = 4; lastKnownFileType = sourcecode.c.h; path = TestOCTool.h; sourceTree = "<group>"; };
		E6BC32142504C86A00CCE02E /* TestJsonModelTool.swift */ = {isa = PBXFileReference; fileEncoding = 4; lastKnownFileType = sourcecode.swift; path = TestJsonModelTool.swift; sourceTree = "<group>"; };
		E6BC32152504C86A00CCE02E /* TestOCTool.m */ = {isa = PBXFileReference; fileEncoding = 4; lastKnownFileType = sourcecode.c.objc; path = TestOCTool.m; sourceTree = "<group>"; };
		E6BC32162504C86A00CCE02E /* TestNetWorkTool.swift */ = {isa = PBXFileReference; fileEncoding = 4; lastKnownFileType = sourcecode.swift; path = TestNetWorkTool.swift; sourceTree = "<group>"; };
		E6BC32182504C86A00CCE02E /* LaunchScreen.storyboard */ = {isa = PBXFileReference; fileEncoding = 4; lastKnownFileType = file.storyboard; path = LaunchScreen.storyboard; sourceTree = "<group>"; };
		E6BC321A2504C86A00CCE02E /* XDArrayTool.m */ = {isa = PBXFileReference; fileEncoding = 4; lastKnownFileType = sourcecode.c.objc; path = XDArrayTool.m; sourceTree = "<group>"; };
		E6BC321B2504C86A00CCE02E /* XDDownloadImageManager.swift */ = {isa = PBXFileReference; fileEncoding = 4; lastKnownFileType = sourcecode.swift; path = XDDownloadImageManager.swift; sourceTree = "<group>"; };
		E6BC321C2504C86A00CCE02E /* XDArrayTool.h */ = {isa = PBXFileReference; fileEncoding = 4; lastKnownFileType = sourcecode.c.h; path = XDArrayTool.h; sourceTree = "<group>"; };
		E6BC321F2504C86A00CCE02E /* MeViewModel.swift */ = {isa = PBXFileReference; fileEncoding = 4; lastKnownFileType = sourcecode.swift; path = MeViewModel.swift; sourceTree = "<group>"; };
		E6BC32212504C86A00CCE02E /* MeVC.swift */ = {isa = PBXFileReference; fileEncoding = 4; lastKnownFileType = sourcecode.swift; path = MeVC.swift; sourceTree = "<group>"; };
		E6BC32232504C86A00CCE02E /* MeHeaderView.swift */ = {isa = PBXFileReference; fileEncoding = 4; lastKnownFileType = sourcecode.swift; path = MeHeaderView.swift; sourceTree = "<group>"; };
		E6BC32252504C86A00CCE02E /* AppDelegate.swift */ = {isa = PBXFileReference; fileEncoding = 4; lastKnownFileType = sourcecode.swift; path = AppDelegate.swift; sourceTree = "<group>"; };
		E6BC32282504C86A00CCE02E /* LoginVC.swift */ = {isa = PBXFileReference; fileEncoding = 4; lastKnownFileType = sourcecode.swift; path = LoginVC.swift; sourceTree = "<group>"; };
		E6BC322A2504C86A00CCE02E /* BaseVC.swift */ = {isa = PBXFileReference; fileEncoding = 4; lastKnownFileType = sourcecode.swift; path = BaseVC.swift; sourceTree = "<group>"; };
		E6BC322B2504C86A00CCE02E /* BaseNavVC.swift */ = {isa = PBXFileReference; fileEncoding = 4; lastKnownFileType = sourcecode.swift; path = BaseNavVC.swift; sourceTree = "<group>"; };
		E6BC322C2504C86A00CCE02E /* BaseTabbarVC.swift */ = {isa = PBXFileReference; fileEncoding = 4; lastKnownFileType = sourcecode.swift; path = BaseTabbarVC.swift; sourceTree = "<group>"; };
		E6BC322E2504C86A00CCE02E /* Assets.xcassets */ = {isa = PBXFileReference; lastKnownFileType = folder.assetcatalog; path = Assets.xcassets; sourceTree = "<group>"; };
		E6BC322F2504C86A00CCE02E /* TestJsonData.plist */ = {isa = PBXFileReference; fileEncoding = 4; lastKnownFileType = text.plist.xml; path = TestJsonData.plist; sourceTree = "<group>"; };
		E6BC32312504C86A00CCE02E /* Note */ = {isa = PBXFileReference; fileEncoding = 4; lastKnownFileType = text; path = Note; sourceTree = "<group>"; };
		E6BC32322504C86A00CCE02E /* Const.swift */ = {isa = PBXFileReference; fileEncoding = 4; lastKnownFileType = sourcecode.swift; path = Const.swift; sourceTree = "<group>"; };
		E6BC32332504C86A00CCE02E /* SwiftLearning-Bridging-Header.h */ = {isa = PBXFileReference; fileEncoding = 4; lastKnownFileType = sourcecode.c.h; path = "SwiftLearning-Bridging-Header.h"; sourceTree = "<group>"; };
		E6BC32342504C86A00CCE02E /* Info.plist */ = {isa = PBXFileReference; fileEncoding = 4; lastKnownFileType = text.plist.xml; path = Info.plist; sourceTree = "<group>"; };
		E6C8FEFC25112F3A00C4B46E /* XDBlackboard.swift */ = {isa = PBXFileReference; lastKnownFileType = sourcecode.swift; path = XDBlackboard.swift; sourceTree = "<group>"; };
/* End PBXFileReference section */

/* Begin PBXFrameworksBuildPhase section */
		E6BC31B72504C43300CCE02E /* Frameworks */ = {
			isa = PBXFrameworksBuildPhase;
			buildActionMask = 2147483647;
			files = (
				5C00C6D8DA6E9D45E2DD7CA1 /* Pods_Mermaid.framework in Frameworks */,
			);
			runOnlyForDeploymentPostprocessing = 0;
		};
		E6BC31CD2504C43400CCE02E /* Frameworks */ = {
			isa = PBXFrameworksBuildPhase;
			buildActionMask = 2147483647;
			files = (
			);
			runOnlyForDeploymentPostprocessing = 0;
		};
		E6BC31D82504C43500CCE02E /* Frameworks */ = {
			isa = PBXFrameworksBuildPhase;
			buildActionMask = 2147483647;
			files = (
			);
			runOnlyForDeploymentPostprocessing = 0;
		};
/* End PBXFrameworksBuildPhase section */

/* Begin PBXGroup section */
		050EAF462888FE450017E3CC /* DifferenceExample */ = {
			isa = PBXGroup;
			children = (
				050EAF472888FE8A0017E3CC /* DifferenceViewController.swift */,
				050EAF492888FEB90017E3CC /* DifferenceListModel.swift */,
				050EAF4B288900BD0017E3CC /* DifferenceListCell.swift */,
				050EAF4F288942990017E3CC /* DifferenceListCell2.swift */,
				050EAF53288942AC0017E3CC /* DifferenceListCell3.swift */,
			);
			path = DifferenceExample;
			sourceTree = "<group>";
		};
		050EAF5528894C8F0017E3CC /* TableExample */ = {
			isa = PBXGroup;
			children = (
				050EAF842890E6DB0017E3CC /* ViewModel */,
				050EAF832890E6D60017E3CC /* Controller */,
				050EAF822890E6C80017E3CC /* Model */,
				050EAF812890E6BE0017E3CC /* View */,
			);
			path = TableExample;
			sourceTree = "<group>";
		};
		050EAF5628894CAB0017E3CC /* CollectExample */ = {
			isa = PBXGroup;
			children = (
				050EAF78288AAC7A0017E3CC /* ViewModel */,
				050EAF70288A8B1D0017E3CC /* Controller */,
				050EAF6F288A8B1A0017E3CC /* View */,
				050EAF6E288A8B000017E3CC /* Model */,
			);
			path = CollectExample;
			sourceTree = "<group>";
		};
		050EAF69288A86680017E3CC /* ViewComponents */ = {
			isa = PBXGroup;
			children = (
				050EAF6A288A869A0017E3CC /* XDLabel.swift */,
			);
			path = ViewComponents;
			sourceTree = "<group>";
		};
		050EAF6E288A8B000017E3CC /* Model */ = {
			isa = PBXGroup;
			children = (
				050EAF67288A86350017E3CC /* CollectListFlowLayout.swift */,
				050EAF5F2889505B0017E3CC /* ListModel.swift */,
				050EAF61288955B70017E3CC /* SectionsModel.swift */,
				050EAF5D288950300017E3CC /* CollectListModel.swift */,
				050EAF65288964D70017E3CC /* CollectCardModel.swift */,
				050EAF71288A8B540017E3CC /* CollectReduceModel.swift */,
			);
			path = Model;
			sourceTree = "<group>";
		};
		050EAF6F288A8B1A0017E3CC /* View */ = {
			isa = PBXGroup;
			children = (
				050EAF632889592E0017E3CC /* CollectListCardCell.swift */,
				050EAF6C288A8AF10017E3CC /* CollectListReduceCell.swift */,
				050EAF5B28894F830017E3CC /* CollectListCell.swift */,
				050EAF73288A90620017E3CC /* XDCollectionView.swift */,
			);
			path = View;
			sourceTree = "<group>";
		};
		050EAF70288A8B1D0017E3CC /* Controller */ = {
			isa = PBXGroup;
			children = (
				050EAF5928894CCF0017E3CC /* CollectListViewController.swift */,
			);
			path = Controller;
			sourceTree = "<group>";
		};
		050EAF75288A9AC30017E3CC /* Tool */ = {
			isa = PBXGroup;
			children = (
				050EAF76288A9AD40017E3CC /* XDLog.swift */,
			);
			path = Tool;
			sourceTree = "<group>";
		};
		050EAF78288AAC7A0017E3CC /* ViewModel */ = {
			isa = PBXGroup;
			children = (
				050EAF79288AAC8A0017E3CC /* CollectListViewModel.swift */,
			);
			path = ViewModel;
			sourceTree = "<group>";
		};
		050EAF812890E6BE0017E3CC /* View */ = {
			isa = PBXGroup;
			children = (
				050EAF7F2890E6B90017E3CC /* TableListUserCell.swift */,
				050EAF7D2890E6AE0017E3CC /* TableListCardCell.swift */,
				050EAF7B2890E6A00017E3CC /* TableListCell.swift */,
				050EAF8E28911D580017E3CC /* TableSectionCacheHeight.swift */,
			);
			path = View;
			sourceTree = "<group>";
		};
		050EAF822890E6C80017E3CC /* Model */ = {
			isa = PBXGroup;
			children = (
				050EAF852890E6F10017E3CC /* TableListModel.swift */,
				050EAF872890E6FC0017E3CC /* TableListCardModel.swift */,
				050EAF8A2890E70E0017E3CC /* TableListUserModel.swift */,
			);
			path = Model;
			sourceTree = "<group>";
		};
		050EAF832890E6D60017E3CC /* Controller */ = {
			isa = PBXGroup;
			children = (
				050EAF5728894CC30017E3CC /* TableListViewController.swift */,
			);
			path = Controller;
			sourceTree = "<group>";
		};
		050EAF842890E6DB0017E3CC /* ViewModel */ = {
			isa = PBXGroup;
			children = (
				050EAF8C2890E8DB0017E3CC /* TableListViewModel.swift */,
			);
			path = ViewModel;
			sourceTree = "<group>";
		};
		05D68DCD26A9538200988043 /* Calendar */ = {
			isa = PBXGroup;
			children = (
				05D68DD126A953A400988043 /* ViewModel */,
				05D68DD026A953A000988043 /* Controller */,
				05D68DCF26A9539D00988043 /* Model */,
				05D68DCE26A9539900988043 /* View */,
			);
			path = Calendar;
			sourceTree = "<group>";
		};
		05D68DCE26A9539900988043 /* View */ = {
			isa = PBXGroup;
			children = (
				05D68DD426A953D800988043 /* XDCalendarView.swift */,
				059A442426AA601C00C0112B /* AirbnbCalendarView.swift */,
				059A442826AA605200C0112B /* CVShowCalendarView.swift */,
			);
			path = View;
			sourceTree = "<group>";
		};
		05D68DCF26A9539D00988043 /* Model */ = {
			isa = PBXGroup;
			children = (
				05D68DD626A963BD00988043 /* DateItemModel.swift */,
			);
			path = Model;
			sourceTree = "<group>";
		};
		05D68DD026A953A000988043 /* Controller */ = {
			isa = PBXGroup;
			children = (
				059A442226A96AFD00C0112B /* CalendarListVC.swift */,
				05D68DD226A953C000988043 /* CalendarVC.swift */,
			);
			path = Controller;
			sourceTree = "<group>";
		};
		05D68DD126A953A400988043 /* ViewModel */ = {
			isa = PBXGroup;
			children = (
			);
			path = ViewModel;
			sourceTree = "<group>";
		};
		05D68DD826A9640100988043 /* Extension */ = {
			isa = PBXGroup;
			children = (
				05D68DD926A9641000988043 /* Date */,
				050EAF4D288900F00017E3CC /* Reusable+Extension.swift */,
			);
			path = Extension;
			sourceTree = "<group>";
		};
		05D68DD926A9641000988043 /* Date */ = {
			isa = PBXGroup;
			children = (
				05D68DDA26A9642B00988043 /* Date+Extension.swift */,
			);
			path = Date;
			sourceTree = "<group>";
		};
		11C1A3C7EAEEF6EA993B4EEA /* Pods */ = {
			isa = PBXGroup;
			children = (
				3E48224AD16B4741C86056CF /* Pods-Mermaid.debug.xcconfig */,
				48A4AD3E248C978473B2BB0A /* Pods-Mermaid.release.xcconfig */,
			);
			path = Pods;
			sourceTree = "<group>";
		};
		E67B1DF4250E82AA00D9E101 /* Confuse */ = {
			isa = PBXGroup;
			children = (
				E67B1E02250E8B0100D9E101 /* codeObfuscation.h */,
				E67B1DFC250E883700D9E101 /* confuse.sh */,
				E67B1DFD250E883700D9E101 /* ConfuseIntroduction.md */,
				E67B1DFE250E883700D9E101 /* func.list */,
				E67B1E04250E8BE200D9E101 /* ConfuseHeader.pch */,
			);
			path = Confuse;
			sourceTree = "<group>";
		};
		E6BC31B12504C43300CCE02E = {
			isa = PBXGroup;
			children = (
				E67B1DF4250E82AA00D9E101 /* Confuse */,
				E6BC31BC2504C43400CCE02E /* Mermaid */,
				E6BC31D32504C43500CCE02E /* MermaidTests */,
				E6BC31DE2504C43500CCE02E /* MermaidUITests */,
				E6BC31BB2504C43400CCE02E /* Products */,
				11C1A3C7EAEEF6EA993B4EEA /* Pods */,
				FA18B7A33E974F487C401B99 /* Frameworks */,
			);
			sourceTree = "<group>";
		};
		E6BC31BB2504C43400CCE02E /* Products */ = {
			isa = PBXGroup;
			children = (
				E6BC31BA2504C43400CCE02E /* Mermaid.app */,
				E6BC31D02504C43400CCE02E /* MermaidTests.xctest */,
				E6BC31DB2504C43500CCE02E /* MermaidUITests.xctest */,
			);
			name = Products;
			sourceTree = "<group>";
		};
		E6BC31BC2504C43400CCE02E /* Mermaid */ = {
			isa = PBXGroup;
			children = (
				050EAF69288A86680017E3CC /* ViewComponents */,
				E6BC32242504C86A00CCE02E /* Startup */,
				E6BC32022504C86A00CCE02E /* Class */,
				E6BC32302504C86A00CCE02E /* Config */,
				E6BC31F12504C86A00CCE02E /* Expand */,
				E6BC322D2504C86A00CCE02E /* Resource */,
				E6BC31ED2504C85C00CCE02E /* Study */,
				050EAF75288A9AC30017E3CC /* Tool */,
				05D68DD826A9640100988043 /* Extension */,
			);
			path = Mermaid;
			sourceTree = "<group>";
		};
		E6BC31D32504C43500CCE02E /* MermaidTests */ = {
			isa = PBXGroup;
			children = (
				E6BC31D42504C43500CCE02E /* MermaidTests.swift */,
				E6BC31D62504C43500CCE02E /* Info.plist */,
			);
			path = MermaidTests;
			sourceTree = "<group>";
		};
		E6BC31DE2504C43500CCE02E /* MermaidUITests */ = {
			isa = PBXGroup;
			children = (
				E6BC31DF2504C43500CCE02E /* MermaidUITests.swift */,
				E6BC31E12504C43500CCE02E /* Info.plist */,
			);
			path = MermaidUITests;
			sourceTree = "<group>";
		};
		E6BC31ED2504C85C00CCE02E /* Study */ = {
			isa = PBXGroup;
			children = (
				E6BC31EE2504C85C00CCE02E /* LinkList */,
			);
			path = Study;
			sourceTree = "<group>";
		};
		E6BC31EE2504C85C00CCE02E /* LinkList */ = {
			isa = PBXGroup;
			children = (
				E6BC31EF2504C85C00CCE02E /* SLinkListTool.swift */,
			);
			path = LinkList;
			sourceTree = "<group>";
		};
		E6BC31F12504C86A00CCE02E /* Expand */ = {
			isa = PBXGroup;
			children = (
				E6BC31F22504C86A00CCE02E /* Category */,
				E6BC31FB2504C86A00CCE02E /* Network */,
				E6BC31FE2504C86A00CCE02E /* Tool */,
			);
			path = Expand;
			sourceTree = "<group>";
		};
		E6BC31F22504C86A00CCE02E /* Category */ = {
			isa = PBXGroup;
			children = (
				E6BC31F32504C86A00CCE02E /* UIButtonExtension.swift */,
				E6BC31F42504C86A00CCE02E /* UIImageViewExtension.swift */,
				E6BC31F52504C86A00CCE02E /* UIViewOrdinate.swift */,
				E6BC31F62504C86A00CCE02E /* UITextViewExtension.swift */,
				E6BC31F72504C86A00CCE02E /* NSObjectExtension.swift */,
				E6BC31F82504C86A00CCE02E /* UITextFieldExtension.swift */,
				E6BC31F92504C86A00CCE02E /* UIFontExtension.swift */,
				E6BC31FA2504C86A00CCE02E /* StringExtension.swift */,
			);
			path = Category;
			sourceTree = "<group>";
		};
		E6BC31FB2504C86A00CCE02E /* Network */ = {
			isa = PBXGroup;
			children = (
				E6BC31FC2504C86A00CCE02E /* XDInterface.swift */,
				E6BC31FD2504C86A00CCE02E /* XDNetwork.swift */,
			);
			path = Network;
			sourceTree = "<group>";
		};
		E6BC31FE2504C86A00CCE02E /* Tool */ = {
			isa = PBXGroup;
			children = (
				E6BC31FF2504C86A00CCE02E /* MyTool.swift */,
				E6BC32002504C86A00CCE02E /* Interface.swift */,
				E6BC32012504C86A00CCE02E /* LoadingView.swift */,
			);
			path = Tool;
			sourceTree = "<group>";
		};
		E6BC32022504C86A00CCE02E /* Class */ = {
			isa = PBXGroup;
			children = (
				050EAF5628894CAB0017E3CC /* CollectExample */,
				050EAF5528894C8F0017E3CC /* TableExample */,
				050EAF462888FE450017E3CC /* DifferenceExample */,
				05D68DCD26A9538200988043 /* Calendar */,
				E6BC32032504C86A00CCE02E /* Home */,
				E6BC320D2504C86A00CCE02E /* Test */,
				E6BC32172504C86A00CCE02E /* Launch */,
				E6BC32192504C86A00CCE02E /* StoreHub */,
				E6BC321D2504C86A00CCE02E /* Me */,
				E6BC32262504C86A00CCE02E /* Login */,
				E6BC32292504C86A00CCE02E /* Base */,
			);
			path = Class;
			sourceTree = "<group>";
		};
		E6BC32032504C86A00CCE02E /* Home */ = {
			isa = PBXGroup;
			children = (
				E6BC32042504C86A00CCE02E /* Controller */,
				E6BC32082504C86A00CCE02E /* View */,
			);
			path = Home;
			sourceTree = "<group>";
		};
		E6BC32042504C86A00CCE02E /* Controller */ = {
			isa = PBXGroup;
			children = (
				E6BC32052504C86A00CCE02E /* BannerVC.swift */,
				E6BC32062504C86A00CCE02E /* HomeVC.swift */,
				E6BC32072504C86A00CCE02E /* SegmentVC.swift */,
			);
			path = Controller;
			sourceTree = "<group>";
		};
		E6BC32082504C86A00CCE02E /* View */ = {
			isa = PBXGroup;
			children = (
				E6BC32092504C86A00CCE02E /* BannerNormalView.swift */,
				E6BC320A2504C86A00CCE02E /* BannerNormalCell.swift */,
				E6BC320B2504C86A00CCE02E /* BannerFocusCell.swift */,
				E6BC320C2504C86A00CCE02E /* BannerFocusView.swift */,
			);
			path = View;
			sourceTree = "<group>";
		};
		E6BC320D2504C86A00CCE02E /* Test */ = {
			isa = PBXGroup;
			children = (
				E6BC320E2504C86A00CCE02E /* Controller */,
				E6BC32102504C86A00CCE02E /* View */,
				E6BC32122504C86A00CCE02E /* Tool */,
			);
			path = Test;
			sourceTree = "<group>";
		};
		E6BC320E2504C86A00CCE02E /* Controller */ = {
			isa = PBXGroup;
			children = (
				E6BC320F2504C86A00CCE02E /* TestVC.swift */,
			);
			path = Controller;
			sourceTree = "<group>";
		};
		E6BC32102504C86A00CCE02E /* View */ = {
			isa = PBXGroup;
			children = (
				E6BC32112504C86A00CCE02E /* TestView.swift */,
			);
			path = View;
			sourceTree = "<group>";
		};
		E6BC32122504C86A00CCE02E /* Tool */ = {
			isa = PBXGroup;
			children = (
				E6BC32142504C86A00CCE02E /* TestJsonModelTool.swift */,
				E6BC32162504C86A00CCE02E /* TestNetWorkTool.swift */,
				E6BC32132504C86A00CCE02E /* TestOCTool.h */,
				E6BC32152504C86A00CCE02E /* TestOCTool.m */,
				E6A72016250B5CC300EB1EB2 /* NFCTool.swift */,
				E6C8FEFC25112F3A00C4B46E /* XDBlackboard.swift */,
			);
			path = Tool;
			sourceTree = "<group>";
		};
		E6BC32172504C86A00CCE02E /* Launch */ = {
			isa = PBXGroup;
			children = (
				E6BC32182504C86A00CCE02E /* LaunchScreen.storyboard */,
			);
			path = Launch;
			sourceTree = "<group>";
		};
		E6BC32192504C86A00CCE02E /* StoreHub */ = {
			isa = PBXGroup;
			children = (
				E6BC321C2504C86A00CCE02E /* XDArrayTool.h */,
				E6BC321A2504C86A00CCE02E /* XDArrayTool.m */,
				E6BC321B2504C86A00CCE02E /* XDDownloadImageManager.swift */,
			);
			path = StoreHub;
			sourceTree = "<group>";
		};
		E6BC321D2504C86A00CCE02E /* Me */ = {
			isa = PBXGroup;
			children = (
				E6BC321E2504C86A00CCE02E /* ViewModel */,
				E6BC32202504C86A00CCE02E /* Controller */,
				E6BC32222504C86A00CCE02E /* View */,
			);
			path = Me;
			sourceTree = "<group>";
		};
		E6BC321E2504C86A00CCE02E /* ViewModel */ = {
			isa = PBXGroup;
			children = (
				E6BC321F2504C86A00CCE02E /* MeViewModel.swift */,
			);
			path = ViewModel;
			sourceTree = "<group>";
		};
		E6BC32202504C86A00CCE02E /* Controller */ = {
			isa = PBXGroup;
			children = (
				E6BC32212504C86A00CCE02E /* MeVC.swift */,
			);
			path = Controller;
			sourceTree = "<group>";
		};
		E6BC32222504C86A00CCE02E /* View */ = {
			isa = PBXGroup;
			children = (
				E6BC32232504C86A00CCE02E /* MeHeaderView.swift */,
			);
			path = View;
			sourceTree = "<group>";
		};
		E6BC32242504C86A00CCE02E /* Startup */ = {
			isa = PBXGroup;
			children = (
				E6BC32252504C86A00CCE02E /* AppDelegate.swift */,
			);
			path = Startup;
			sourceTree = "<group>";
		};
		E6BC32262504C86A00CCE02E /* Login */ = {
			isa = PBXGroup;
			children = (
				E6BC32272504C86A00CCE02E /* Controller */,
			);
			path = Login;
			sourceTree = "<group>";
		};
		E6BC32272504C86A00CCE02E /* Controller */ = {
			isa = PBXGroup;
			children = (
				E6BC32282504C86A00CCE02E /* LoginVC.swift */,
			);
			path = Controller;
			sourceTree = "<group>";
		};
		E6BC32292504C86A00CCE02E /* Base */ = {
			isa = PBXGroup;
			children = (
				E6BC322A2504C86A00CCE02E /* BaseVC.swift */,
				E6BC322B2504C86A00CCE02E /* BaseNavVC.swift */,
				E6BC322C2504C86A00CCE02E /* BaseTabbarVC.swift */,
			);
			path = Base;
			sourceTree = "<group>";
		};
		E6BC322D2504C86A00CCE02E /* Resource */ = {
			isa = PBXGroup;
			children = (
				E6BC322E2504C86A00CCE02E /* Assets.xcassets */,
				E6BC322F2504C86A00CCE02E /* TestJsonData.plist */,
			);
			path = Resource;
			sourceTree = "<group>";
		};
		E6BC32302504C86A00CCE02E /* Config */ = {
			isa = PBXGroup;
			children = (
				E6BC32312504C86A00CCE02E /* Note */,
				E6BC32322504C86A00CCE02E /* Const.swift */,
				E6BC32332504C86A00CCE02E /* SwiftLearning-Bridging-Header.h */,
				E6BC32342504C86A00CCE02E /* Info.plist */,
			);
			path = Config;
			sourceTree = "<group>";
		};
		FA18B7A33E974F487C401B99 /* Frameworks */ = {
			isa = PBXGroup;
			children = (
				4E10A65427842C4B0D4BDBE0 /* Pods_Mermaid.framework */,
			);
			name = Frameworks;
			sourceTree = "<group>";
		};
/* End PBXGroup section */

/* Begin PBXNativeTarget section */
		E6BC31B92504C43300CCE02E /* Mermaid */ = {
			isa = PBXNativeTarget;
			buildConfigurationList = E6BC31E42504C43500CCE02E /* Build configuration list for PBXNativeTarget "Mermaid" */;
			buildPhases = (
				1A5BDB88BF80C4ACC0A8FC74 /* [CP] Check Pods Manifest.lock */,
				E6BC31B62504C43300CCE02E /* Sources */,
				E6BC31B72504C43300CCE02E /* Frameworks */,
				E6BC31B82504C43300CCE02E /* Resources */,
				E870599EAB253D34836BF21C /* [CP] Embed Pods Frameworks */,
				C2681FA0C41490561627BD74 /* [CP] Copy Pods Resources */,
				E67B1DFB250E868B00D9E101 /* ShellScript */,
			);
			buildRules = (
			);
			dependencies = (
			);
			name = Mermaid;
			productName = Mermaid;
			productReference = E6BC31BA2504C43400CCE02E /* Mermaid.app */;
			productType = "com.apple.product-type.application";
		};
		E6BC31CF2504C43400CCE02E /* MermaidTests */ = {
			isa = PBXNativeTarget;
			buildConfigurationList = E6BC31E72504C43500CCE02E /* Build configuration list for PBXNativeTarget "MermaidTests" */;
			buildPhases = (
				E6BC31CC2504C43400CCE02E /* Sources */,
				E6BC31CD2504C43400CCE02E /* Frameworks */,
				E6BC31CE2504C43400CCE02E /* Resources */,
			);
			buildRules = (
			);
			dependencies = (
				E6BC31D22504C43400CCE02E /* PBXTargetDependency */,
			);
			name = MermaidTests;
			productName = MermaidTests;
			productReference = E6BC31D02504C43400CCE02E /* MermaidTests.xctest */;
			productType = "com.apple.product-type.bundle.unit-test";
		};
		E6BC31DA2504C43500CCE02E /* MermaidUITests */ = {
			isa = PBXNativeTarget;
			buildConfigurationList = E6BC31EA2504C43500CCE02E /* Build configuration list for PBXNativeTarget "MermaidUITests" */;
			buildPhases = (
				E6BC31D72504C43500CCE02E /* Sources */,
				E6BC31D82504C43500CCE02E /* Frameworks */,
				E6BC31D92504C43500CCE02E /* Resources */,
			);
			buildRules = (
			);
			dependencies = (
				E6BC31DD2504C43500CCE02E /* PBXTargetDependency */,
			);
			name = MermaidUITests;
			productName = MermaidUITests;
			productReference = E6BC31DB2504C43500CCE02E /* MermaidUITests.xctest */;
			productType = "com.apple.product-type.bundle.ui-testing";
		};
/* End PBXNativeTarget section */

/* Begin PBXProject section */
		E6BC31B22504C43300CCE02E /* Project object */ = {
			isa = PBXProject;
			attributes = {
				LastSwiftUpdateCheck = 1130;
				LastUpgradeCheck = 1130;
				ORGANIZATIONNAME = claudechoi;
				TargetAttributes = {
					E6BC31B92504C43300CCE02E = {
						CreatedOnToolsVersion = 11.3.1;
					};
					E6BC31CF2504C43400CCE02E = {
						CreatedOnToolsVersion = 11.3.1;
						TestTargetID = E6BC31B92504C43300CCE02E;
					};
					E6BC31DA2504C43500CCE02E = {
						CreatedOnToolsVersion = 11.3.1;
						TestTargetID = E6BC31B92504C43300CCE02E;
					};
				};
			};
			buildConfigurationList = E6BC31B52504C43300CCE02E /* Build configuration list for PBXProject "Mermaid" */;
			compatibilityVersion = "Xcode 9.3";
			developmentRegion = en;
			hasScannedForEncodings = 0;
			knownRegions = (
				en,
				Base,
			);
			mainGroup = E6BC31B12504C43300CCE02E;
			productRefGroup = E6BC31BB2504C43400CCE02E /* Products */;
			projectDirPath = "";
			projectRoot = "";
			targets = (
				E6BC31B92504C43300CCE02E /* Mermaid */,
				E6BC31CF2504C43400CCE02E /* MermaidTests */,
				E6BC31DA2504C43500CCE02E /* MermaidUITests */,
			);
		};
/* End PBXProject section */

/* Begin PBXResourcesBuildPhase section */
		E6BC31B82504C43300CCE02E /* Resources */ = {
			isa = PBXResourcesBuildPhase;
			buildActionMask = 2147483647;
			files = (
				E6BC325A2504C86A00CCE02E /* TestJsonData.plist in Resources */,
				E6BC32592504C86A00CCE02E /* Assets.xcassets in Resources */,
				E6BC325B2504C86A00CCE02E /* Note in Resources */,
				E6BC324E2504C86A00CCE02E /* LaunchScreen.storyboard in Resources */,
				E67B1E00250E883700D9E101 /* ConfuseIntroduction.md in Resources */,
				E67B1DFF250E883700D9E101 /* confuse.sh in Resources */,
				E67B1E01250E883700D9E101 /* func.list in Resources */,
			);
			runOnlyForDeploymentPostprocessing = 0;
		};
		E6BC31CE2504C43400CCE02E /* Resources */ = {
			isa = PBXResourcesBuildPhase;
			buildActionMask = 2147483647;
			files = (
			);
			runOnlyForDeploymentPostprocessing = 0;
		};
		E6BC31D92504C43500CCE02E /* Resources */ = {
			isa = PBXResourcesBuildPhase;
			buildActionMask = 2147483647;
			files = (
			);
			runOnlyForDeploymentPostprocessing = 0;
		};
/* End PBXResourcesBuildPhase section */

/* Begin PBXShellScriptBuildPhase section */
		1A5BDB88BF80C4ACC0A8FC74 /* [CP] Check Pods Manifest.lock */ = {
			isa = PBXShellScriptBuildPhase;
			buildActionMask = 2147483647;
			files = (
			);
			inputFileListPaths = (
			);
			inputPaths = (
				"${PODS_PODFILE_DIR_PATH}/Podfile.lock",
				"${PODS_ROOT}/Manifest.lock",
			);
			name = "[CP] Check Pods Manifest.lock";
			outputFileListPaths = (
			);
			outputPaths = (
				"$(DERIVED_FILE_DIR)/Pods-Mermaid-checkManifestLockResult.txt",
			);
			runOnlyForDeploymentPostprocessing = 0;
			shellPath = /bin/sh;
			shellScript = "diff \"${PODS_PODFILE_DIR_PATH}/Podfile.lock\" \"${PODS_ROOT}/Manifest.lock\" > /dev/null\nif [ $? != 0 ] ; then\n    # print error to STDERR\n    echo \"error: The sandbox is not in sync with the Podfile.lock. Run 'pod install' or update your CocoaPods installation.\" >&2\n    exit 1\nfi\n# This output is used by Xcode 'outputs' to avoid re-running this script phase.\necho \"SUCCESS\" > \"${SCRIPT_OUTPUT_FILE_0}\"\n";
			showEnvVarsInLog = 0;
		};
		C2681FA0C41490561627BD74 /* [CP] Copy Pods Resources */ = {
			isa = PBXShellScriptBuildPhase;
			buildActionMask = 2147483647;
			files = (
			);
			inputFileListPaths = (
				"${PODS_ROOT}/Target Support Files/Pods-Mermaid/Pods-Mermaid-resources-${CONFIGURATION}-input-files.xcfilelist",
			);
			name = "[CP] Copy Pods Resources";
			outputFileListPaths = (
				"${PODS_ROOT}/Target Support Files/Pods-Mermaid/Pods-Mermaid-resources-${CONFIGURATION}-output-files.xcfilelist",
			);
			runOnlyForDeploymentPostprocessing = 0;
			shellPath = /bin/sh;
			shellScript = "\"${PODS_ROOT}/Target Support Files/Pods-Mermaid/Pods-Mermaid-resources.sh\"\n";
			showEnvVarsInLog = 0;
		};
		E67B1DFB250E868B00D9E101 /* ShellScript */ = {
			isa = PBXShellScriptBuildPhase;
			buildActionMask = 2147483647;
			files = (
			);
			inputFileListPaths = (
			);
			inputPaths = (
			);
			outputFileListPaths = (
			);
			outputPaths = (
			);
			runOnlyForDeploymentPostprocessing = 0;
			shellPath = /bin/sh;
			shellScript = "# Type a script or drag a script file from your workspace to insert its path.\n$PROJECT_DIR/Confuse/confuse.sh\n";
		};
		E870599EAB253D34836BF21C /* [CP] Embed Pods Frameworks */ = {
			isa = PBXShellScriptBuildPhase;
			buildActionMask = 2147483647;
			files = (
			);
			inputFileListPaths = (
				"${PODS_ROOT}/Target Support Files/Pods-Mermaid/Pods-Mermaid-frameworks-${CONFIGURATION}-input-files.xcfilelist",
			);
			name = "[CP] Embed Pods Frameworks";
			outputFileListPaths = (
				"${PODS_ROOT}/Target Support Files/Pods-Mermaid/Pods-Mermaid-frameworks-${CONFIGURATION}-output-files.xcfilelist",
			);
			runOnlyForDeploymentPostprocessing = 0;
			shellPath = /bin/sh;
			shellScript = "\"${PODS_ROOT}/Target Support Files/Pods-Mermaid/Pods-Mermaid-frameworks.sh\"\n";
			showEnvVarsInLog = 0;
		};
/* End PBXShellScriptBuildPhase section */

/* Begin PBXSourcesBuildPhase section */
		E6BC31B62504C43300CCE02E /* Sources */ = {
			isa = PBXSourcesBuildPhase;
			buildActionMask = 2147483647;
			files = (
				E6BC32442504C86A00CCE02E /* SegmentVC.swift in Sources */,
				E6BC32582504C86A00CCE02E /* BaseTabbarVC.swift in Sources */,
				050EAF72288A8B540017E3CC /* CollectReduceModel.swift in Sources */,
				E6BC32562504C86A00CCE02E /* BaseVC.swift in Sources */,
				050EAF7A288AAC8A0017E3CC /* CollectListViewModel.swift in Sources */,
				050EAF642889592E0017E3CC /* CollectListCardCell.swift in Sources */,
				050EAF6B288A869A0017E3CC /* XDLabel.swift in Sources */,
				E6BC31F02504C85C00CCE02E /* SLinkListTool.swift in Sources */,
				E6BC32472504C86A00CCE02E /* BannerFocusCell.swift in Sources */,
				E6BC324B2504C86A00CCE02E /* TestJsonModelTool.swift in Sources */,
				050EAF4C288900BD0017E3CC /* DifferenceListCell.swift in Sources */,
				050EAF482888FE8A0017E3CC /* DifferenceViewController.swift in Sources */,
				E6C8FEFD25112F3A00C4B46E /* XDBlackboard.swift in Sources */,
				050EAF5828894CC30017E3CC /* TableListViewController.swift in Sources */,
				E6BC32482504C86A00CCE02E /* BannerFocusView.swift in Sources */,
				E6BC323D2504C86A00CCE02E /* XDInterface.swift in Sources */,
				050EAF5C28894F830017E3CC /* CollectListCell.swift in Sources */,
				050EAF77288A9AD40017E3CC /* XDLog.swift in Sources */,
				E6BC32392504C86A00CCE02E /* NSObjectExtension.swift in Sources */,
				E6BC32572504C86A00CCE02E /* BaseNavVC.swift in Sources */,
				050EAF4A2888FEB90017E3CC /* DifferenceListModel.swift in Sources */,
				050EAF862890E6F10017E3CC /* TableListModel.swift in Sources */,
				05D68DD526A953D800988043 /* XDCalendarView.swift in Sources */,
				E6BC323B2504C86A00CCE02E /* UIFontExtension.swift in Sources */,
				050EAF68288A86350017E3CC /* CollectListFlowLayout.swift in Sources */,
				050EAF4E288900F00017E3CC /* Reusable+Extension.swift in Sources */,
				E6BC325C2504C86A00CCE02E /* Const.swift in Sources */,
				050EAF62288955B70017E3CC /* SectionsModel.swift in Sources */,
				050EAF54288942AC0017E3CC /* DifferenceListCell3.swift in Sources */,
				059A442926AA605200C0112B /* CVShowCalendarView.swift in Sources */,
				E6BC32542504C86A00CCE02E /* AppDelegate.swift in Sources */,
				E6BC323A2504C86A00CCE02E /* UITextFieldExtension.swift in Sources */,
				050EAF7E2890E6AE0017E3CC /* TableListCardCell.swift in Sources */,
				E6BC32412504C86A00CCE02E /* LoadingView.swift in Sources */,
				E6BC32552504C86A00CCE02E /* LoginVC.swift in Sources */,
				E6BC32522504C86A00CCE02E /* MeVC.swift in Sources */,
				E6BC324C2504C86A00CCE02E /* TestOCTool.m in Sources */,
				E6BC32512504C86A00CCE02E /* MeViewModel.swift in Sources */,
				E6BC32352504C86A00CCE02E /* UIButtonExtension.swift in Sources */,
				050EAF50288942990017E3CC /* DifferenceListCell2.swift in Sources */,
				050EAF74288A90620017E3CC /* XDCollectionView.swift in Sources */,
				E6BC32462504C86A00CCE02E /* BannerNormalCell.swift in Sources */,
				E6A72017250B5CC300EB1EB2 /* NFCTool.swift in Sources */,
				E6BC323C2504C86A00CCE02E /* StringExtension.swift in Sources */,
				E6BC32372504C86A00CCE02E /* UIViewOrdinate.swift in Sources */,
				050EAF8B2890E70E0017E3CC /* TableListUserModel.swift in Sources */,
				E6BC32432504C86A00CCE02E /* HomeVC.swift in Sources */,
				050EAF8D2890E8DB0017E3CC /* TableListViewModel.swift in Sources */,
				050EAF66288964D70017E3CC /* CollectCardModel.swift in Sources */,
				05D68DDB26A9642B00988043 /* Date+Extension.swift in Sources */,
				E6BC32362504C86A00CCE02E /* UIImageViewExtension.swift in Sources */,
				E6BC32502504C86A00CCE02E /* XDDownloadImageManager.swift in Sources */,
				050EAF882890E6FC0017E3CC /* TableListCardModel.swift in Sources */,
				050EAF602889505B0017E3CC /* ListModel.swift in Sources */,
				05D68DD726A963BD00988043 /* DateItemModel.swift in Sources */,
				E6BC324F2504C86A00CCE02E /* XDArrayTool.m in Sources */,
				E6BC32422504C86A00CCE02E /* BannerVC.swift in Sources */,
				050EAF802890E6B90017E3CC /* TableListUserCell.swift in Sources */,
				05D68DD326A953C000988043 /* CalendarVC.swift in Sources */,
				059A442326A96AFD00C0112B /* CalendarListVC.swift in Sources */,
				E6BC324D2504C86A00CCE02E /* TestNetWorkTool.swift in Sources */,
				E6BC32402504C86A00CCE02E /* Interface.swift in Sources */,
				E6BC323E2504C86A00CCE02E /* XDNetwork.swift in Sources */,
				E6BC32382504C86A00CCE02E /* UITextViewExtension.swift in Sources */,
				E6BC324A2504C86A00CCE02E /* TestView.swift in Sources */,
				E6BC32532504C86A00CCE02E /* MeHeaderView.swift in Sources */,
				050EAF5A28894CCF0017E3CC /* CollectListViewController.swift in Sources */,
				E6BC323F2504C86A00CCE02E /* MyTool.swift in Sources */,
				050EAF5E288950300017E3CC /* CollectListModel.swift in Sources */,
				059A442526AA601C00C0112B /* AirbnbCalendarView.swift in Sources */,
				E6BC32492504C86A00CCE02E /* TestVC.swift in Sources */,
				050EAF8F28911D580017E3CC /* TableSectionCacheHeight.swift in Sources */,
				050EAF6D288A8AF10017E3CC /* CollectListReduceCell.swift in Sources */,
				050EAF7C2890E6A00017E3CC /* TableListCell.swift in Sources */,
				E6BC32452504C86A00CCE02E /* BannerNormalView.swift in Sources */,
			);
			runOnlyForDeploymentPostprocessing = 0;
		};
		E6BC31CC2504C43400CCE02E /* Sources */ = {
			isa = PBXSourcesBuildPhase;
			buildActionMask = 2147483647;
			files = (
				E6BC31D52504C43500CCE02E /* MermaidTests.swift in Sources */,
			);
			runOnlyForDeploymentPostprocessing = 0;
		};
		E6BC31D72504C43500CCE02E /* Sources */ = {
			isa = PBXSourcesBuildPhase;
			buildActionMask = 2147483647;
			files = (
				E6BC31E02504C43500CCE02E /* MermaidUITests.swift in Sources */,
			);
			runOnlyForDeploymentPostprocessing = 0;
		};
/* End PBXSourcesBuildPhase section */

/* Begin PBXTargetDependency section */
		E6BC31D22504C43400CCE02E /* PBXTargetDependency */ = {
			isa = PBXTargetDependency;
			target = E6BC31B92504C43300CCE02E /* Mermaid */;
			targetProxy = E6BC31D12504C43400CCE02E /* PBXContainerItemProxy */;
		};
		E6BC31DD2504C43500CCE02E /* PBXTargetDependency */ = {
			isa = PBXTargetDependency;
			target = E6BC31B92504C43300CCE02E /* Mermaid */;
			targetProxy = E6BC31DC2504C43500CCE02E /* PBXContainerItemProxy */;
		};
/* End PBXTargetDependency section */

/* Begin XCBuildConfiguration section */
		E6BC31E22504C43500CCE02E /* Debug */ = {
			isa = XCBuildConfiguration;
			buildSettings = {
				ALWAYS_SEARCH_USER_PATHS = NO;
				CLANG_ANALYZER_NONNULL = YES;
				CLANG_ANALYZER_NUMBER_OBJECT_CONVERSION = YES_AGGRESSIVE;
				CLANG_CXX_LANGUAGE_STANDARD = "gnu++14";
				CLANG_CXX_LIBRARY = "libc++";
				CLANG_ENABLE_MODULES = YES;
				CLANG_ENABLE_OBJC_ARC = YES;
				CLANG_ENABLE_OBJC_WEAK = YES;
				CLANG_WARN_BLOCK_CAPTURE_AUTORELEASING = YES;
				CLANG_WARN_BOOL_CONVERSION = YES;
				CLANG_WARN_COMMA = YES;
				CLANG_WARN_CONSTANT_CONVERSION = YES;
				CLANG_WARN_DEPRECATED_OBJC_IMPLEMENTATIONS = YES;
				CLANG_WARN_DIRECT_OBJC_ISA_USAGE = YES_ERROR;
				CLANG_WARN_DOCUMENTATION_COMMENTS = YES;
				CLANG_WARN_EMPTY_BODY = YES;
				CLANG_WARN_ENUM_CONVERSION = YES;
				CLANG_WARN_INFINITE_RECURSION = YES;
				CLANG_WARN_INT_CONVERSION = YES;
				CLANG_WARN_NON_LITERAL_NULL_CONVERSION = YES;
				CLANG_WARN_OBJC_IMPLICIT_RETAIN_SELF = YES;
				CLANG_WARN_OBJC_LITERAL_CONVERSION = YES;
				CLANG_WARN_OBJC_ROOT_CLASS = YES_ERROR;
				CLANG_WARN_RANGE_LOOP_ANALYSIS = YES;
				CLANG_WARN_STRICT_PROTOTYPES = YES;
				CLANG_WARN_SUSPICIOUS_MOVE = YES;
				CLANG_WARN_UNGUARDED_AVAILABILITY = YES_AGGRESSIVE;
				CLANG_WARN_UNREACHABLE_CODE = YES;
				CLANG_WARN__DUPLICATE_METHOD_MATCH = YES;
				COPY_PHASE_STRIP = NO;
				DEBUG_INFORMATION_FORMAT = dwarf;
				ENABLE_STRICT_OBJC_MSGSEND = YES;
				ENABLE_TESTABILITY = YES;
				GCC_C_LANGUAGE_STANDARD = gnu11;
				GCC_DYNAMIC_NO_PIC = NO;
				GCC_NO_COMMON_BLOCKS = YES;
				GCC_OPTIMIZATION_LEVEL = 0;
				GCC_PREPROCESSOR_DEFINITIONS = (
					"DEBUG=1",
					"$(inherited)",
				);
				GCC_WARN_64_TO_32_BIT_CONVERSION = YES;
				GCC_WARN_ABOUT_RETURN_TYPE = YES_ERROR;
				GCC_WARN_UNDECLARED_SELECTOR = YES;
				GCC_WARN_UNINITIALIZED_AUTOS = YES_AGGRESSIVE;
				GCC_WARN_UNUSED_FUNCTION = YES;
				GCC_WARN_UNUSED_VARIABLE = YES;
				IPHONEOS_DEPLOYMENT_TARGET = 11.0;
				MTL_ENABLE_DEBUG_INFO = INCLUDE_SOURCE;
				MTL_FAST_MATH = YES;
				ONLY_ACTIVE_ARCH = YES;
				SDKROOT = iphoneos;
				SWIFT_ACTIVE_COMPILATION_CONDITIONS = DEBUG;
				SWIFT_OPTIMIZATION_LEVEL = "-Onone";
			};
			name = Debug;
		};
		E6BC31E32504C43500CCE02E /* Release */ = {
			isa = XCBuildConfiguration;
			buildSettings = {
				ALWAYS_SEARCH_USER_PATHS = NO;
				CLANG_ANALYZER_NONNULL = YES;
				CLANG_ANALYZER_NUMBER_OBJECT_CONVERSION = YES_AGGRESSIVE;
				CLANG_CXX_LANGUAGE_STANDARD = "gnu++14";
				CLANG_CXX_LIBRARY = "libc++";
				CLANG_ENABLE_MODULES = YES;
				CLANG_ENABLE_OBJC_ARC = YES;
				CLANG_ENABLE_OBJC_WEAK = YES;
				CLANG_WARN_BLOCK_CAPTURE_AUTORELEASING = YES;
				CLANG_WARN_BOOL_CONVERSION = YES;
				CLANG_WARN_COMMA = YES;
				CLANG_WARN_CONSTANT_CONVERSION = YES;
				CLANG_WARN_DEPRECATED_OBJC_IMPLEMENTATIONS = YES;
				CLANG_WARN_DIRECT_OBJC_ISA_USAGE = YES_ERROR;
				CLANG_WARN_DOCUMENTATION_COMMENTS = YES;
				CLANG_WARN_EMPTY_BODY = YES;
				CLANG_WARN_ENUM_CONVERSION = YES;
				CLANG_WARN_INFINITE_RECURSION = YES;
				CLANG_WARN_INT_CONVERSION = YES;
				CLANG_WARN_NON_LITERAL_NULL_CONVERSION = YES;
				CLANG_WARN_OBJC_IMPLICIT_RETAIN_SELF = YES;
				CLANG_WARN_OBJC_LITERAL_CONVERSION = YES;
				CLANG_WARN_OBJC_ROOT_CLASS = YES_ERROR;
				CLANG_WARN_RANGE_LOOP_ANALYSIS = YES;
				CLANG_WARN_STRICT_PROTOTYPES = YES;
				CLANG_WARN_SUSPICIOUS_MOVE = YES;
				CLANG_WARN_UNGUARDED_AVAILABILITY = YES_AGGRESSIVE;
				CLANG_WARN_UNREACHABLE_CODE = YES;
				CLANG_WARN__DUPLICATE_METHOD_MATCH = YES;
				COPY_PHASE_STRIP = NO;
				DEBUG_INFORMATION_FORMAT = "dwarf-with-dsym";
				ENABLE_NS_ASSERTIONS = NO;
				ENABLE_STRICT_OBJC_MSGSEND = YES;
				GCC_C_LANGUAGE_STANDARD = gnu11;
				GCC_NO_COMMON_BLOCKS = YES;
				GCC_WARN_64_TO_32_BIT_CONVERSION = YES;
				GCC_WARN_ABOUT_RETURN_TYPE = YES_ERROR;
				GCC_WARN_UNDECLARED_SELECTOR = YES;
				GCC_WARN_UNINITIALIZED_AUTOS = YES_AGGRESSIVE;
				GCC_WARN_UNUSED_FUNCTION = YES;
				GCC_WARN_UNUSED_VARIABLE = YES;
				IPHONEOS_DEPLOYMENT_TARGET = 11.0;
				MTL_ENABLE_DEBUG_INFO = NO;
				MTL_FAST_MATH = YES;
				SDKROOT = iphoneos;
				SWIFT_COMPILATION_MODE = wholemodule;
				SWIFT_OPTIMIZATION_LEVEL = "-O";
				VALIDATE_PRODUCT = YES;
			};
			name = Release;
		};
		E6BC31E52504C43500CCE02E /* Debug */ = {
			isa = XCBuildConfiguration;
			baseConfigurationReference = 3E48224AD16B4741C86056CF /* Pods-Mermaid.debug.xcconfig */;
			buildSettings = {
				ASSETCATALOG_COMPILER_APPICON_NAME = AppIcon;
				CODE_SIGN_STYLE = Automatic;
				DEVELOPMENT_TEAM = KR5AULFCNL;
				GCC_PREFIX_HEADER = $PROJECT_DIR/Confuse/ConfuseHeader.pch;
				INFOPLIST_FILE = "$(SRCROOT)/Mermaid/Config/Info.plist";
				IPHONEOS_DEPLOYMENT_TARGET = 11.0;
				LD_RUNPATH_SEARCH_PATHS = (
					"$(inherited)",
					"@executable_path/Frameworks",
				);
				OTHER_SWIFT_FLAGS = "$(inherited) -D COCOAPODS -Xfrontend -warn-long-expression-type-checking=100 -Xfrontend -warn-long-function-bodies=100 -Xfrontend -debug-time-function-bodies";
				PRODUCT_BUNDLE_IDENTIFIER = com.claudechoi.Mermaid;
				PRODUCT_NAME = "$(TARGET_NAME)";
				SWIFT_VERSION = 5.0;
				TARGETED_DEVICE_FAMILY = "1,2";
			};
			name = Debug;
		};
		E6BC31E62504C43500CCE02E /* Release */ = {
			isa = XCBuildConfiguration;
			baseConfigurationReference = 48A4AD3E248C978473B2BB0A /* Pods-Mermaid.release.xcconfig */;
			buildSettings = {
				ASSETCATALOG_COMPILER_APPICON_NAME = AppIcon;
				CODE_SIGN_STYLE = Automatic;
				DEVELOPMENT_TEAM = KR5AULFCNL;
				GCC_PREFIX_HEADER = $PROJECT_DIR/Confuse/ConfuseHeader.pch;
				INFOPLIST_FILE = "$(SRCROOT)/Mermaid/Config/Info.plist";
				IPHONEOS_DEPLOYMENT_TARGET = 11.0;
				LD_RUNPATH_SEARCH_PATHS = (
					"$(inherited)",
					"@executable_path/Frameworks",
				);
				OTHER_SWIFT_FLAGS = "$(inherited) -D COCOAPODS -Xfrontend -warn-long-expression-type-checking=100 -Xfrontend -warn-long-function-bodies=100 -Xfrontend -debug-time-function-bodies";
				PRODUCT_BUNDLE_IDENTIFIER = com.claudechoi.Mermaid;
				PRODUCT_NAME = "$(TARGET_NAME)";
				SWIFT_VERSION = 5.0;
				TARGETED_DEVICE_FAMILY = "1,2";
			};
			name = Release;
		};
		E6BC31E82504C43500CCE02E /* Debug */ = {
			isa = XCBuildConfiguration;
			buildSettings = {
				ALWAYS_EMBED_SWIFT_STANDARD_LIBRARIES = YES;
				BUNDLE_LOADER = "$(TEST_HOST)";
				CODE_SIGN_STYLE = Automatic;
				DEVELOPMENT_TEAM = KR5AULFCNL;
				INFOPLIST_FILE = MermaidTests/Info.plist;
				IPHONEOS_DEPLOYMENT_TARGET = 13.2;
				LD_RUNPATH_SEARCH_PATHS = (
					"$(inherited)",
					"@executable_path/Frameworks",
					"@loader_path/Frameworks",
				);
				PRODUCT_BUNDLE_IDENTIFIER = com.claudechoi.MermaidTests;
				PRODUCT_NAME = "$(TARGET_NAME)";
				SWIFT_VERSION = 5.0;
				TARGETED_DEVICE_FAMILY = "1,2";
				TEST_HOST = "$(BUILT_PRODUCTS_DIR)/Mermaid.app/Mermaid";
			};
			name = Debug;
		};
		E6BC31E92504C43500CCE02E /* Release */ = {
			isa = XCBuildConfiguration;
			buildSettings = {
				ALWAYS_EMBED_SWIFT_STANDARD_LIBRARIES = YES;
				BUNDLE_LOADER = "$(TEST_HOST)";
				CODE_SIGN_STYLE = Automatic;
				DEVELOPMENT_TEAM = KR5AULFCNL;
				INFOPLIST_FILE = MermaidTests/Info.plist;
				IPHONEOS_DEPLOYMENT_TARGET = 13.2;
				LD_RUNPATH_SEARCH_PATHS = (
					"$(inherited)",
					"@executable_path/Frameworks",
					"@loader_path/Frameworks",
				);
				PRODUCT_BUNDLE_IDENTIFIER = com.claudechoi.MermaidTests;
				PRODUCT_NAME = "$(TARGET_NAME)";
				SWIFT_VERSION = 5.0;
				TARGETED_DEVICE_FAMILY = "1,2";
				TEST_HOST = "$(BUILT_PRODUCTS_DIR)/Mermaid.app/Mermaid";
			};
			name = Release;
		};
		E6BC31EB2504C43500CCE02E /* Debug */ = {
			isa = XCBuildConfiguration;
			buildSettings = {
				ALWAYS_EMBED_SWIFT_STANDARD_LIBRARIES = YES;
				CODE_SIGN_STYLE = Automatic;
				DEVELOPMENT_TEAM = KR5AULFCNL;
				INFOPLIST_FILE = MermaidUITests/Info.plist;
				LD_RUNPATH_SEARCH_PATHS = (
					"$(inherited)",
					"@executable_path/Frameworks",
					"@loader_path/Frameworks",
				);
				PRODUCT_BUNDLE_IDENTIFIER = com.claudechoi.MermaidUITests;
				PRODUCT_NAME = "$(TARGET_NAME)";
				SWIFT_VERSION = 5.0;
				TARGETED_DEVICE_FAMILY = "1,2";
				TEST_TARGET_NAME = Mermaid;
			};
			name = Debug;
		};
		E6BC31EC2504C43500CCE02E /* Release */ = {
			isa = XCBuildConfiguration;
			buildSettings = {
				ALWAYS_EMBED_SWIFT_STANDARD_LIBRARIES = YES;
				CODE_SIGN_STYLE = Automatic;
				DEVELOPMENT_TEAM = KR5AULFCNL;
				INFOPLIST_FILE = MermaidUITests/Info.plist;
				LD_RUNPATH_SEARCH_PATHS = (
					"$(inherited)",
					"@executable_path/Frameworks",
					"@loader_path/Frameworks",
				);
				PRODUCT_BUNDLE_IDENTIFIER = com.claudechoi.MermaidUITests;
				PRODUCT_NAME = "$(TARGET_NAME)";
				SWIFT_VERSION = 5.0;
				TARGETED_DEVICE_FAMILY = "1,2";
				TEST_TARGET_NAME = Mermaid;
			};
			name = Release;
		};
/* End XCBuildConfiguration section */

/* Begin XCConfigurationList section */
		E6BC31B52504C43300CCE02E /* Build configuration list for PBXProject "Mermaid" */ = {
			isa = XCConfigurationList;
			buildConfigurations = (
				E6BC31E22504C43500CCE02E /* Debug */,
				E6BC31E32504C43500CCE02E /* Release */,
			);
			defaultConfigurationIsVisible = 0;
			defaultConfigurationName = Release;
		};
		E6BC31E42504C43500CCE02E /* Build configuration list for PBXNativeTarget "Mermaid" */ = {
			isa = XCConfigurationList;
			buildConfigurations = (
				E6BC31E52504C43500CCE02E /* Debug */,
				E6BC31E62504C43500CCE02E /* Release */,
			);
			defaultConfigurationIsVisible = 0;
			defaultConfigurationName = Release;
		};
		E6BC31E72504C43500CCE02E /* Build configuration list for PBXNativeTarget "MermaidTests" */ = {
			isa = XCConfigurationList;
			buildConfigurations = (
				E6BC31E82504C43500CCE02E /* Debug */,
				E6BC31E92504C43500CCE02E /* Release */,
			);
			defaultConfigurationIsVisible = 0;
			defaultConfigurationName = Release;
		};
		E6BC31EA2504C43500CCE02E /* Build configuration list for PBXNativeTarget "MermaidUITests" */ = {
			isa = XCConfigurationList;
			buildConfigurations = (
				E6BC31EB2504C43500CCE02E /* Debug */,
				E6BC31EC2504C43500CCE02E /* Release */,
			);
			defaultConfigurationIsVisible = 0;
			defaultConfigurationName = Release;
		};
/* End XCConfigurationList section */
	};
	rootObject = E6BC31B22504C43300CCE02E /* Project object */;
}
